{
  "name": "pinverse-platform",
  "version": "0.1.0",
  "lockfileVersion": 3,
  "requires": true,
  "packages": {
    "": {
      "name": "pinverse-platform",
      "version": "0.1.0",
      "dependencies": {
        "@anthropic-ai/sdk": "^0.81.0",
        "@google/genai": "^1.38.0",
        "@google/generative-ai": "^0.24.1",
        "@stripe/stripe-js": "^8.6.4",
        "@supabase/ssr": "^0.8.0",
        "@supabase/supabase-js": "^2.93.2",
        "exceljs": "^4.4.0",
        "file-saver": "^2.0.5",
        "jszip": "^3.10.1",
        "lucide-react": "^0.563.0",
        "mammoth": "^1.11.0",
        "next": "^16.2.4",
        "nodemailer": "^8.0.7",
        "openai": "^6.32.0",
        "papaparse": "^5.5.3",
        "pdfjs-dist": "^5.4.530",
        "react": "19.2.3",
        "react-dom": "19.2.3",
        "replicate": "^1.4.0",
        "resend": "^6.12.2",
        "sharp": "^0.34.5"
      },
      "devDependencies": {
        "@tailwindcss/postcss": "^4",
        "@types/file-saver": "^2.0.7",
        "@types/node": "^20",
        "@types/papaparse": "^5.5.2",
        "@types/react": "^19",
        "@types/react-dom": "^19",
        "copy-webpack-plugin": "^14.0.0",
        "electron": "^41.1.0",
        "electron-builder": "^26.8.1",
        "eslint": "^10.0.2",
        "eslint-config-next": "16.2.4",
        "tailwindcss": "^4",
        "typescript": "^5"
      }
    },
    "node_modules/@alloc/quick-lru": {
      "version": "5.2.0",
      "resolved": "https://registry.npmjs.org/@alloc/quick-lru/-/quick-lru-5.2.0.tgz",
      "integrity": "sha512-UrcABB+4bUrFABwbluTIBErXwvbsU/V7TZWfmbgJfbkwiBuziS9gxdODUyuiecfdGQ85jglMW6juS3+z5TsKLw==",
      "dev": true,
      "license": "MIT",
      "engines": {
        "node": ">=10"
      },
      "funding": {
        "url": "https://github.com/sponsors/sindresorhus"
      }
    },
    "node_modules/@anthropic-ai/sdk": {
      "version": "0.81.0",
      "resolved": "https://registry.npmjs.org/@anthropic-ai/sdk/-/sdk-0.81.0.tgz",
      "integrity": "sha512-D4K5PvEV6wPiRtVlVsJHIUhHAmOZ6IT/I9rKlTf84gR7GyyAurPJK7z9BOf/AZqC5d1DhYQGJNKRmV+q8dGhgw==",
      "license": "MIT",
      "dependencies": {
        "json-schema-to-ts": "^3.1.1"
      },
      "bin": {
        "anthropic-ai-sdk": "bin/cli"
      },
      "peerDependencies": {
        "zod": "^3.25.0 || ^4.0.0"
      },
      "peerDependenciesMeta": {
        "zod": {
          "optional": true
        }
      }
    }
  }
}
